<?xml version="1.0" encoding="utf-8"?>
<Project ToolsVersion="4.0" xmlns="http://schemas.microsoft.com/developer/msbuild/2003">
  <ItemGroup>
    <FxCompile Include="shader\BlurPs.hlsl">
      <Filter>Shader</Filter>
    </FxCompile>
    <FxCompile Include="shader\debug_ps.hlsl">
      <Filter>Shader</Filter>
    </FxCompile>
    <FxCompile Include="shader\debug_vs.hlsl">
      <Filter>Shader</Filter>
    </FxCompile>
    <FxCompile Include="shader\DestructionGs.hlsl">
      <Filter>Shader</Filter>
    </FxCompile>
    <FxCompile Include="shader\DestructionPs.hlsl">
      <Filter>Shader</Filter>
    </FxCompile>
    <FxCompile Include="shader\DestructionVs.hlsl">
      <Filter>Shader</Filter>
    </FxCompile>
    <FxCompile Include="shader\FullscreenQuadPS.hlsl">
      <Filter>Shader</Filter>
    </FxCompile>
    <FxCompile Include="shader\FullscreenQuadVS.hlsl">
      <Filter>Shader</Filter>
    </FxCompile>
    <FxCompile Include="shader\GeometricPrimitivePs.hlsl">
      <Filter>Shader</Filter>
    </FxCompile>
    <FxCompile Include="shader\GeometricPrimitiveVs.hlsl">
      <Filter>Shader</Filter>
    </FxCompile>
    <FxCompile Include="shader\GrassDs.hlsl">
      <Filter>Shader</Filter>
    </FxCompile>
    <FxCompile Include="shader\GrassGs.hlsl">
      <Filter>Shader</Filter>
    </FxCompile>
    <FxCompile Include="shader\GrassHs.hlsl">
      <Filter>Shader</Filter>
    </FxCompile>
    <FxCompile Include="shader\GrassPs.hlsl">
      <Filter>Shader</Filter>
    </FxCompile>
    <FxCompile Include="shader\GrassVs.hlsl">
      <Filter>Shader</Filter>
    </FxCompile>
    <FxCompile Include="shader\LuminanceExtractionPS.hlsl">
      <Filter>Shader</Filter>
    </FxCompile>
    <FxCompile Include="shader\OutLineGs.hlsl">
      <Filter>Shader</Filter>
    </FxCompile>
    <FxCompile Include="shader\OutLinePs.hlsl">
      <Filter>Shader</Filter>
    </FxCompile>
    <FxCompile Include="shader\OutLineVs.hlsl">
      <Filter>Shader</Filter>
    </FxCompile>
    <FxCompile Include="shader\RampPs.hlsl">
      <Filter>Shader</Filter>
    </FxCompile>
    <FxCompile Include="shader\RampVs.hlsl">
      <Filter>Shader</Filter>
    </FxCompile>
    <FxCompile Include="shader\ShadowmapCasterVS.hlsl">
      <Filter>Shader</Filter>
    </FxCompile>
    <FxCompile Include="shader\SkinnedMeshPs.hlsl">
      <Filter>Shader</Filter>
    </FxCompile>
    <FxCompile Include="shader\SkinnedMeshVs.hlsl">
      <Filter>Shader</Filter>
    </FxCompile>
    <FxCompile Include="shader\SkyboxPs.hlsl">
      <Filter>Shader</Filter>
    </FxCompile>
    <FxCompile Include="shader\SkyboxVs.hlsl">
      <Filter>Shader</Filter>
    </FxCompile>
    <FxCompile Include="shader\SpritePs.hlsl">
      <Filter>Shader</Filter>
    </FxCompile>
    <FxCompile Include="shader\SpriteVs.hlsl">
      <Filter>Shader</Filter>
    </FxCompile>
    <FxCompile Include="shader\StaticMeshPs.hlsl">
      <Filter>Shader</Filter>
    </FxCompile>
    <FxCompile Include="shader\StaticMeshVs.hlsl">
      <Filter>Shader</Filter>
    </FxCompile>
    <FxCompile Include="shader\UVScroll_ps.hlsl">
      <Filter>Shader</Filter>
    </FxCompile>
    <FxCompile Include="shader\UVScroll_vs.hlsl">
      <Filter>Shader</Filter>
    </FxCompile>
    <FxCompile Include="shader\bloom_extraction_ps.hlsl">
      <Filter>Shader</Filter>
    </FxCompile>
    <FxCompile Include="shader\fullscreen_quad_ps.hlsl">
      <Filter>Shader</Filter>
    </FxCompile>
    <FxCompile Include="shader\fullscreen_quad_vs.hlsl">
      <Filter>Shader</Filter>
    </FxCompile>
    <FxCompile Include="shader\gaussian_blur_convolution_ps.hlsl">
      <Filter>Shader</Filter>
    </FxCompile>
    <FxCompile Include="shader\gaussian_blur_downsampling_ps.hlsl">
      <Filter>Shader</Filter>
    </FxCompile>
    <FxCompile Include="shader\gaussian_blur_horizontal_ps.hlsl">
      <Filter>Shader</Filter>
    </FxCompile>
    <FxCompile Include="shader\gaussian_blur_vertical_ps.hlsl">
      <Filter>Shader</Filter>
    </FxCompile>
    <FxCompile Include="shader\post_effect_ps.hlsl">
      <Filter>Shader</Filter>
    </FxCompile>
    <FxCompile Include="shader\resolve_depth_stencil_ps.hlsl">
      <Filter>Shader</Filter>
    </FxCompile>
    <FxCompile Include="shader\tone_map_ps.hlsl">
      <Filter>Shader</Filter>
    </FxCompile>
  </ItemGroup>
  <ItemGroup>
    <ClCompile Include="Source\Framework.cpp" />
    <ClCompile Include="Source\HitManager.cpp" />
    <ClCompile Include="Source\Main.cpp" />
    <ClCompile Include="Source\Mathf.cpp" />
    <ClCompile Include="Source\Graphics\Vec.cpp" />
    <ClCompile Include="Source\audio\Audio.cpp">
      <Filter>Source\Audio</Filter>
    </ClCompile>
    <ClCompile Include="Source\audio\AudioResource.cpp">
      <Filter>Source\Audio</Filter>
    </ClCompile>
    <ClCompile Include="Source\audio\AudioSource.cpp">
      <Filter>Source\Audio</Filter>
    </ClCompile>
    <ClCompile Include="Source\Camera\Camera.cpp">
      <Filter>Source\Camera</Filter>
    </ClCompile>
    <ClCompile Include="Source\Camera\CameraManager.cpp">
      <Filter>Source\Camera</Filter>
    </ClCompile>
    <ClCompile Include="Source\Character.cpp">
      <Filter>Source\Character</Filter>
    </ClCompile>
    <ClCompile Include="Source\Collision.cpp">
      <Filter>Source\Collision</Filter>
    </ClCompile>
    <ClCompile Include="Source\DebugRenderer.cpp">
      <Filter>Source\Debug</Filter>
    </ClCompile>
    <ClCompile Include="Source\Enemy.cpp">
      <Filter>Source\Character\Enemy</Filter>
    </ClCompile>
    <ClCompile Include="Source\EnemyBullet.cpp">
      <Filter>Source\Character\Enemy\Bullet</Filter>
    </ClCompile>
    <ClCompile Include="Source\EnemyBulletManager.cpp">
      <Filter>Source\Character\Enemy\Bullet</Filter>
    </ClCompile>
    <ClCompile Include="Source\EnemyBulletStraight.cpp">
      <Filter>Source\Character\Enemy\Bullet</Filter>
    </ClCompile>
    <ClCompile Include="Source\EnemyGunner.cpp">
      <Filter>Source\Character\Enemy</Filter>
    </ClCompile>
    <ClCompile Include="Source\EnemyManager.cpp">
      <Filter>Source\Character\Enemy</Filter>
    </ClCompile>
    <ClCompile Include="Source\Input\GamePad.cpp">
      <Filter>Source\Input</Filter>
    </ClCompile>
    <ClCompile Include="Source\Graphics\GeometricPrimitive.cpp">
      <Filter>Source\Graphics</Filter>
    </ClCompile>
    <ClCompile Include="Source\Graphics\Graphics.cpp">
      <Filter>Source\Graphics</Filter>
    </ClCompile>
    <ClCompile Include="imgui\imgui.cpp">
      <Filter>imgui</Filter>
    </ClCompile>
    <ClCompile Include="imgui\imgui_draw.cpp">
      <Filter>imgui</Filter>
    </ClCompile>
    <ClCompile Include="imgui\imgui_impl_dx11.cpp">
      <Filter>imgui</Filter>
    </ClCompile>
    <ClCompile Include="imgui\imgui_impl_win32.cpp">
      <Filter>imgui</Filter>
    </ClCompile>
    <ClCompile Include="imgui\imgui_ja_gryph_ranges.cpp">
      <Filter>imgui</Filter>
    </ClCompile>
    <ClCompile Include="imgui\imgui_widgets.cpp">
      <Filter>imgui</Filter>
    </ClCompile>
    <ClCompile Include="Source\Input\Keyboard.cpp">
      <Filter>Source\Input</Filter>
    </ClCompile>
    <ClCompile Include="Source\Input\Input.cpp">
      <Filter>Source\Input</Filter>
    </ClCompile>
    <ClCompile Include="Source\Model.cpp">
      <Filter>Source\Character</Filter>
    </ClCompile>
    <ClCompile Include="Source\Input\Mouse.cpp">
      <Filter>Source\Input</Filter>
    </ClCompile>
    <ClCompile Include="Source\Effect.cpp">
      <Filter>Source\Effect</Filter>
    </ClCompile>
    <ClCompile Include="Source\EffectManager.cpp">
      <Filter>Source\Effect</Filter>
    </ClCompile>
    <ClCompile Include="Source\Player.cpp">
      <Filter>Source\Character\Player</Filter>
    </ClCompile>
    <ClCompile Include="Source\SceneGame.cpp">
      <Filter>Source\Scenes</Filter>
    </ClCompile>
    <ClCompile Include="Source\SceneLoading.cpp">
      <Filter>Source\Scenes</Filter>
    </ClCompile>
    <ClCompile Include="Source\SceneManager.cpp">
      <Filter>Source\Scenes</Filter>
    </ClCompile>
    <ClCompile Include="Source\SceneTitle.cpp">
      <Filter>Source\Scenes</Filter>
    </ClCompile>
    <ClCompile Include="Source\Graphics\Shader.cpp">
      <Filter>Source\Graphics</Filter>
    </ClCompile>
    <ClCompile Include="Source\Graphics\Shaders.cpp">
      <Filter>Source\Graphics</Filter>
    </ClCompile>
    <ClCompile Include="Source\Graphics\SkinnedMesh.cpp">
      <Filter>Source\Graphics</Filter>
    </ClCompile>
    <ClCompile Include="Source\Graphics\Sprite.cpp">
      <Filter>Source\Graphics</Filter>
    </ClCompile>
    <ClCompile Include="Source\Graphics\SpriteBatch.cpp">
      <Filter>Source\Graphics</Filter>
    </ClCompile>
    <ClCompile Include="Source\Stage.cpp">
      <Filter>Source\Stages</Filter>
    </ClCompile>
    <ClCompile Include="Source\StageMain.cpp">
      <Filter>Source\Stages</Filter>
    </ClCompile>
    <ClCompile Include="Source\StageManager.cpp">
      <Filter>Source\Stages</Filter>
    </ClCompile>
    <ClCompile Include="Source\StageSkybox.cpp">
      <Filter>Source\Stages</Filter>
    </ClCompile>
    <ClCompile Include="Source\Graphics\StaticMesh.cpp">
      <Filter>Source\Graphics</Filter>
    </ClCompile>
    <ClCompile Include="Source\Graphics\Texture.cpp">
      <Filter>Source\Graphics</Filter>
    </ClCompile>
    <ClCompile Include="Source\ResourceManager.cpp">
      <Filter>Source</Filter>
    </ClCompile>
    <ClCompile Include="Source\PerlinNoise.cpp">
      <Filter>Source</Filter>
    </ClCompile>
    <ClCompile Include="Source\SBManager.cpp">
      <Filter>Source\Character\Player\Bullet</Filter>
    </ClCompile>
    <ClCompile Include="Source\SB.cpp">
      <Filter>Source\Character\Player\Bullet</Filter>
    </ClCompile>
    <ClCompile Include="Source\SBNormal.cpp">
      <Filter>Source\Character\Player\Bullet</Filter>
    </ClCompile>
    <ClCompile Include="Source\SceneClear.cpp">
      <Filter>Source\Scenes</Filter>
    </ClCompile>
    <ClCompile Include="Source\SceneOver.cpp">
      <Filter>Source\Scenes</Filter>
    </ClCompile>
    <ClCompile Include="Source\StageCollision.cpp">
      <Filter>Source\Stages</Filter>
    </ClCompile>
    <ClCompile Include="Source\Menu.cpp">
      <Filter>Source\Scenes</Filter>
    </ClCompile>
    <ClCompile Include="Source\SceneTutorial.cpp">
      <Filter>Source\Scenes</Filter>
    </ClCompile>
    <ClCompile Include="Source\bloom.cpp">
      <Filter>Source\Graphics</Filter>
    </ClCompile>
    <ClCompile Include="Source\framebuffer.cpp">
      <Filter>Source\Graphics</Filter>
    </ClCompile>
    <ClCompile Include="Source\fullscreen_quad.cpp">
      <Filter>Source\Graphics</Filter>
    </ClCompile>
  </ItemGroup>
  <ItemGroup>
    <ClInclude Include="Source\Framework.h" />
    <ClInclude Include="Source\HighResolutionTimer.h" />
    <ClInclude Include="Source\HitManager.h" />
    <ClInclude Include="Source\Graphics\Misc.h" />
    <ClInclude Include="Source\interval.h" />
    <ClInclude Include="Source\Mathf.h" />
    <ClInclude Include="Source\Graphics\Vec.h" />
    <ClInclude Include="Source\audio\Audio.h">
      <Filter>Source\Audio</Filter>
    </ClInclude>
    <ClInclude Include="Source\audio\AudioResource.h">
      <Filter>Source\Audio</Filter>
    </ClInclude>
    <ClInclude Include="Source\audio\AudioSource.h">
      <Filter>Source\Audio</Filter>
    </ClInclude>
    <ClInclude Include="Source\Camera\Camera.h">
      <Filter>Source\Camera</Filter>
    </ClInclude>
    <ClInclude Include="Source\Camera\CameraManager.h">
      <Filter>Source\Camera</Filter>
    </ClInclude>
    <ClInclude Include="Source\Character.h">
      <Filter>Source\Character</Filter>
    </ClInclude>
    <ClInclude Include="Source\Collision.h">
      <Filter>Source\Collision</Filter>
    </ClInclude>
    <ClInclude Include="Source\DebugRenderer.h">
      <Filter>Source\Debug</Filter>
    </ClInclude>
    <ClInclude Include="Source\Graphics\Blender.h">
      <Filter>Source\Graphics</Filter>
    </ClInclude>
    <ClInclude Include="Source\Graphics\ConstantBuffer.h">
      <Filter>Source\Graphics</Filter>
    </ClInclude>
    <ClInclude Include="Source\Graphics\ConstantBufferTypes.h">
      <Filter>Source\Graphics</Filter>
    </ClInclude>
    <ClInclude Include="Source\Enemy.h">
      <Filter>Source\Character\Enemy</Filter>
    </ClInclude>
    <ClInclude Include="Source\EnemyBullet.h">
      <Filter>Source\Character\Enemy\Bullet</Filter>
    </ClInclude>
    <ClInclude Include="Source\EnemyBulletManager.h">
      <Filter>Source\Character\Enemy\Bullet</Filter>
    </ClInclude>
    <ClInclude Include="Source\EnemyBulletStraight.h">
      <Filter>Source\Character\Enemy\Bullet</Filter>
    </ClInclude>
    <ClInclude Include="Source\EnemyGunner.h">
      <Filter>Source\Character\Enemy</Filter>
    </ClInclude>
    <ClInclude Include="Source\EnemyManager.h">
      <Filter>Source\Character\Enemy</Filter>
    </ClInclude>
    <ClInclude Include="Source\Input\GamePad.h">
      <Filter>Source\Input</Filter>
    </ClInclude>
    <ClInclude Include="Source\Graphics\GeometricPrimitive.h">
      <Filter>Source\Graphics</Filter>
    </ClInclude>
    <ClInclude Include="Source\Graphics\Graphics.h">
      <Filter>Source\Graphics</Filter>
    </ClInclude>
    <ClInclude Include="imgui\imconfig.h">
      <Filter>imgui</Filter>
    </ClInclude>
    <ClInclude Include="imgui\imgui.h">
      <Filter>imgui</Filter>
    </ClInclude>
    <ClInclude Include="imgui\imgui_impl_dx11.h">
      <Filter>imgui</Filter>
    </ClInclude>
    <ClInclude Include="imgui\imgui_impl_win32.h">
      <Filter>imgui</Filter>
    </ClInclude>
    <ClInclude Include="imgui\imgui_internal.h">
      <Filter>imgui</Filter>
    </ClInclude>
    <ClInclude Include="imgui\imstb_rectpack.h">
      <Filter>imgui</Filter>
    </ClInclude>
    <ClInclude Include="imgui\imstb_textedit.h">
      <Filter>imgui</Filter>
    </ClInclude>
    <ClInclude Include="imgui\imstb_truetype.h">
      <Filter>imgui</Filter>
    </ClInclude>
    <ClInclude Include="Source\Input\Keyboard.h">
      <Filter>Source\Input</Filter>
    </ClInclude>
    <ClInclude Include="Source\Input\Input.h">
      <Filter>Source\Input</Filter>
    </ClInclude>
    <ClInclude Include="Source\Model.h">
      <Filter>Source\Character</Filter>
    </ClInclude>
    <ClInclude Include="Source\Input\Mouse.h">
      <Filter>Source\Input</Filter>
    </ClInclude>
    <ClInclude Include="Source\Effect.h">
      <Filter>Source\Effect</Filter>
    </ClInclude>
    <ClInclude Include="Source\EffectManager.h">
      <Filter>Source\Effect</Filter>
    </ClInclude>
    <ClInclude Include="Source\Player.h">
      <Filter>Source\Character\Player</Filter>
    </ClInclude>
    <ClInclude Include="Source\Scene.h">
      <Filter>Source\Scenes</Filter>
    </ClInclude>
    <ClInclude Include="Source\SceneGame.h">
      <Filter>Source\Scenes</Filter>
    </ClInclude>
    <ClInclude Include="Source\SceneLoading.h">
      <Filter>Source\Scenes</Filter>
    </ClInclude>
    <ClInclude Include="Source\SceneManager.h">
      <Filter>Source\Scenes</Filter>
    </ClInclude>
    <ClInclude Include="Source\SceneTitle.h">
      <Filter>Source\Scenes</Filter>
    </ClInclude>
    <ClInclude Include="Source\Graphics\Shader.h">
      <Filter>Source\Graphics</Filter>
    </ClInclude>
    <ClInclude Include="Source\Graphics\Shaders.h">
      <Filter>Source\Graphics</Filter>
    </ClInclude>
    <ClInclude Include="Source\Graphics\SkinnedMesh.h">
      <Filter>Source\Graphics</Filter>
    </ClInclude>
    <ClInclude Include="Source\Graphics\Sprite.h">
      <Filter>Source\Graphics</Filter>
    </ClInclude>
    <ClInclude Include="Source\Graphics\SpriteBatch.h">
      <Filter>Source\Graphics</Filter>
    </ClInclude>
    <ClInclude Include="Source\Stage.h">
      <Filter>Source\Stages</Filter>
    </ClInclude>
    <ClInclude Include="Source\StageMain.h">
      <Filter>Source\Stages</Filter>
    </ClInclude>
    <ClInclude Include="Source\StageManager.h">
      <Filter>Source\Stages</Filter>
    </ClInclude>
    <ClInclude Include="Source\StageSkybox.h">
      <Filter>Source\Stages</Filter>
    </ClInclude>
    <ClInclude Include="Source\Graphics\StaticMesh.h">
      <Filter>Source\Graphics</Filter>
    </ClInclude>
    <ClInclude Include="Source\Graphics\Texture.h">
      <Filter>Source\Graphics</Filter>
    </ClInclude>
    <ClInclude Include="Source\ResourceManager.h">
      <Filter>Source</Filter>
    </ClInclude>
    <ClInclude Include="Source\PerlinNoise.h">
      <Filter>Source</Filter>
    </ClInclude>
    <ClInclude Include="Source\SBManager.h">
      <Filter>Source\Character\Player\Bullet</Filter>
    </ClInclude>
    <ClInclude Include="Source\SB.h">
      <Filter>Source\Character\Player\Bullet</Filter>
    </ClInclude>
    <ClInclude Include="Source\SBNormal.h">
      <Filter>Source\Character\Player\Bullet</Filter>
    </ClInclude>
    <ClInclude Include="Source\SceneClear.h">
      <Filter>Source\Scenes</Filter>
    </ClInclude>
    <ClInclude Include="Source\SceneOver.h">
      <Filter>Source\Scenes</Filter>
    </ClInclude>
    <ClInclude Include="Source\StageCollision.h">
      <Filter>Source\Stages</Filter>
    </ClInclude>
    <ClInclude Include="Source\Menu.h">
      <Filter>Source\Scenes</Filter>
    </ClInclude>
    <ClInclude Include="Source\SceneTutorial.h">
      <Filter>Source\Scenes</Filter>
    </ClInclude>
    <ClInclude Include="Source\bloom.h">
      <Filter>Source\Graphics</Filter>
    </ClInclude>
    <ClInclude Include="Source\framebuffer.h">
      <Filter>Source\Graphics</Filter>
    </ClInclude>
    <ClInclude Include="Source\fullscreen_quad.h">
      <Filter>Source\Graphics</Filter>
    </ClInclude>
  </ItemGroup>
  <ItemGroup>
    <None Include="shader\Constants.hlsli">
      <Filter>Shader</Filter>
    </None>
    <None Include="shader\debug.hlsli">
      <Filter>Shader</Filter>
    </None>
    <None Include="shader\Destruction.hlsli">
      <Filter>Shader</Filter>
    </None>
    <None Include="shader\FullscreenQuad.hlsli">
      <Filter>Shader</Filter>
    </None>
    <None Include="shader\GeometricPrimitive.hlsli">
      <Filter>Shader</Filter>
    </None>
    <None Include="shader\Grass.hlsli">
      <Filter>Shader</Filter>
    </None>
    <None Include="shader\OutLine.hlsli">
      <Filter>Shader</Filter>
    </None>
    <None Include="shader\Ramp.hlsli">
      <Filter>Shader</Filter>
    </None>
    <None Include="shader\RenderingEquation.hlsli">
      <Filter>Shader</Filter>
    </None>
    <None Include="shader\SkinnedMesh.hlsli">
      <Filter>Shader</Filter>
    </None>
    <None Include="shader\Skybox.hlsli">
      <Filter>Shader</Filter>
    </None>
    <None Include="shader\Sprite.hlsli">
      <Filter>Shader</Filter>
    </None>
    <None Include="shader\StaticMesh.hlsli">
      <Filter>Shader</Filter>
    </None>
    <None Include="shader\UVScroll.hlsli">
      <Filter>Shader</Filter>
    </None>
    <None Include="shader\fullscreen_quad.hlsli">
      <Filter>Shader</Filter>
    </None>
    <None Include="shader\noise.hlsli">
      <Filter>Shader</Filter>
    </None>
  </ItemGroup>
  <ItemGroup>
    <Filter Include="Source">
      <UniqueIdentifier>{bfeca716-1a1f-425a-bb6f-11efa5037e75}</UniqueIdentifier>
    </Filter>
    <Filter Include="Shader">
      <UniqueIdentifier>{d5a0cf11-3868-45dd-bded-039506e92303}</UniqueIdentifier>
    </Filter>
    <Filter Include="Source\Audio">
      <UniqueIdentifier>{c394f5d3-7093-4ccd-9c4c-fe259098d34b}</UniqueIdentifier>
    </Filter>
    <Filter Include="Source\Camera">
      <UniqueIdentifier>{32793d27-dcb2-4c72-84ba-f181e6302070}</UniqueIdentifier>
    </Filter>
    <Filter Include="Source\Character">
      <UniqueIdentifier>{88ca9e35-6721-4782-b881-45f517c7106d}</UniqueIdentifier>
    </Filter>
    <Filter Include="Source\Character\Player">
      <UniqueIdentifier>{abf91a74-36b6-4a86-ac6f-e2a788e4abd2}</UniqueIdentifier>
    </Filter>
    <Filter Include="Source\Character\Enemy">
      <UniqueIdentifier>{ae46d7d0-95e2-479e-9066-76e18358e77c}</UniqueIdentifier>
    </Filter>
    <Filter Include="Source\Character\Enemy\Bullet">
      <UniqueIdentifier>{fbbfa7e6-370a-4fa4-b152-2242b3e0cb24}</UniqueIdentifier>
    </Filter>
    <Filter Include="Source\Collision">
      <UniqueIdentifier>{4724d3ca-90f7-42dc-8d8b-8e5343da1d37}</UniqueIdentifier>
    </Filter>
    <Filter Include="Source\Debug">
      <UniqueIdentifier>{4a6ce9e8-456c-4379-aa07-15f350489b2e}</UniqueIdentifier>
    </Filter>
    <Filter Include="Source\Graphics">
      <UniqueIdentifier>{defdcb5b-8b54-4275-8e04-47130dc18931}</UniqueIdentifier>
    </Filter>
    <Filter Include="Source\Input">
      <UniqueIdentifier>{194bf04d-19d4-4e66-a31a-6707099761ed}</UniqueIdentifier>
    </Filter>
    <Filter Include="imgui">
      <UniqueIdentifier>{53261cbf-5aec-4d1f-b786-2ed524126394}</UniqueIdentifier>
    </Filter>
    <Filter Include="Source\Effect">
      <UniqueIdentifier>{af7be389-405c-4cd6-929e-3cc702ef8d2c}</UniqueIdentifier>
    </Filter>
    <Filter Include="Source\Scenes">
      <UniqueIdentifier>{424f9949-46ae-4f30-8441-74201d15fdf5}</UniqueIdentifier>
    </Filter>
    <Filter Include="Source\Stages">
      <UniqueIdentifier>{3ed1787a-0a1d-47c5-872a-3e99ea613dd9}</UniqueIdentifier>
    </Filter>
    <Filter Include="Source\Character\Player\Bullet">
      <UniqueIdentifier>{c0322eb6-3b81-47b3-a5dd-a74394cf20ff}</UniqueIdentifier>
    </Filter>
  </ItemGroup>
</Project>